# THIS IS AN AUTOGENERATED FILE. DO NOT EDIT THIS FILE DIRECTLY.
# yarn lockfile v1


"@tabletop-playground/api@^0.23.0":
  version "0.23.0"
  resolved "https://registry.yarnpkg.com/@tabletop-playground/api/-/api-0.23.0.tgz#ff143e82a4d3b5d36e5bfb2b488f9fe3a00fea6a"
  integrity sha512-xwTjlyMXcX8y+8eimyXgS8lBG26P1oVmSG3spEuQ7IG3nPZ3fB87RCi1RkJa3bnavKQlg10LG7vlM/4yLOEeCA==
