# THIS IS AN AUTOGENERATED FILE. DO NOT EDIT THIS FILE DIRECTLY.
# yarn lockfile v1


"@tabletop-playground/api@^0.25.1":
  version "0.25.1"
  resolved "https://registry.yarnpkg.com/@tabletop-playground/api/-/api-0.25.1.tgz#4cce45f61bfff8a1e0e2535d8a0ba1013334e3ad"
  integrity sha512-uRG1lTxXseiVM3JucF+a7PKvB2O8Czo72+3wpdbvJbPDoN+ChKIbfa8sPLtdm33WfghnhH1qrVaMiwTRbcRWbw==
