# THIS IS AN AUTOGENERATED FILE. DO NOT EDIT THIS FILE DIRECTLY.
# yarn lockfile v1


"@tabletop-playground/api@^0.17.0":
  version "0.17.0"
  resolved "https://registry.yarnpkg.com/@tabletop-playground/api/-/api-0.17.0.tgz#f4ec121800e4f1b7b76d7b3f2936cbcb3e2e804a"
  integrity sha512-XLHMefhkwCeGNipCsope/HWWTXztoDYQw2RljeFXjJV6Qgk3J6mlYBePQF3vAeD/LVXogopIuKTZINy8jY88XA==
