# THIS IS AN AUTOGENERATED FILE. DO NOT EDIT THIS FILE DIRECTLY.
# yarn lockfile v1


"@tabletop-playground/api@^0.19.0":
  version "0.19.0"
  resolved "https://registry.yarnpkg.com/@tabletop-playground/api/-/api-0.19.0.tgz#a504ff2ac29a05bb9618668d662627685074092f"
  integrity sha512-FMgqCv34IYB1qe9XjwbFIJwL7sWhbvRH6F+sHs2HH0ig+BdMCVCjzQtblAMlva4VpYIQUsQ5Qdh0qwBcNWKgZA==
