# THIS IS AN AUTOGENERATED FILE. DO NOT EDIT THIS FILE DIRECTLY.
# yarn lockfile v1


"@tabletop-playground/api@^0.20.1":
  version "0.20.1"
  resolved "https://registry.yarnpkg.com/@tabletop-playground/api/-/api-0.20.1.tgz#a63cbf839477d492c46c3ee4d21f0d25a43ef10b"
  integrity sha512-CiOrDb2zrOpeRBxTEWyrJ6BJmfP7IOA4HLujmANyLCB2y78OCjXFWQoJOrcT696YwbLlPw1ohTglWJPjs8egrQ==
