# THIS IS AN AUTOGENERATED FILE. DO NOT EDIT THIS FILE DIRECTLY.
# yarn lockfile v1


"@tabletop-playground/api@^0.18.0":
  version "0.18.0"
  resolved "https://registry.yarnpkg.com/@tabletop-playground/api/-/api-0.18.0.tgz#06e15590ebef183014165b789b44de26ed7648e1"
  integrity sha512-fNd/vHvnGNyMatMIOCtPqc3SJPofRkI4ZZwJLPbQwyAtdz41Qty4U0C1qRgbc5ell2z5E17pdksNx/I1T/j34Q==
